
Microsoft Visual Studio Solution File, Format Version 12.00
Project("{FAE04EC0-301F-11D3-BF4B-00C04F79EFBC}") = "DN.NSC.RecentBookedIn", "DN.NSC.RecentBookedIn\DN.NSC.RecentBookedIn.csproj", "{20D44DAD-58D7-4706-8E67-A4993669BBEA}"
EndProject
Global
	GlobalSection(SolutionConfigurationPlatforms) = preSolution
		Debug|Any CPU = Debug|Any CPU
		Release|Any CPU = Release|Any CPU
	EndGlobalSection
	GlobalSection(ProjectConfigurationPlatforms) = postSolution
		{20D44DAD-58D7-4706-8E67-A4993669BBEA}.Debug|Any CPU.ActiveCfg = Debug|Any CPU
		{20D44DAD-58D7-4706-8E67-A4993669BBEA}.Debug|Any CPU.Build.0 = Debug|Any CPU
		{20D44DAD-58D7-4706-8E67-A4993669BBEA}.Release|Any CPU.ActiveCfg = Release|Any CPU
		{20D44DAD-58D7-4706-8E67-A4993669BBEA}.Release|Any CPU.Build.0 = Release|Any CPU
	EndGlobalSection
EndGlobal
